
Microsoft Visual Studio Solution File, Format Version 12.00
# Visual Studio Version 17
VisualStudioVersion = 17.5.33516.290
MinimumVisualStudioVersion = 10.0.40219.1
Project("{9A19103F-16F7-4668-BE54-9A1E7A4F7556}") = "StrukturaDrzewiasta.App", "StrukturaDrzewiasta.App\StrukturaDrzewiasta.App.csproj", "{BD45423B-C8E1-4233-AE60-E3E53F9B2077}"
EndProject
Project("{9A19103F-16F7-4668-BE54-9A1E7A4F7556}") = "StrukturaDrzewiasta.Shared", "StrukturaDrzewiasta.Shared\StrukturaDrzewiasta.Shared.csproj", "{2D1ACCE6-EAB3-4B1A-9556-89215F6BA822}"
EndProject
Project("{FAE04EC0-301F-11D3-BF4B-00C04F79EFBC}") = "StrukturaDrzewiasta.Frontend", "StrukturaDrzewiasta.Frontend\StrukturaDrzewiasta.Frontend.csproj", "{E6F0DBFD-4E35-4387-A249-0F6A5E79A9CE}"
EndProject
Global
	GlobalSection(SolutionConfigurationPlatforms) = preSolution
		Debug|Any CPU = Debug|Any CPU
		Release|Any CPU = Release|Any CPU
	EndGlobalSection
	GlobalSection(ProjectConfigurationPlatforms) = postSolution
		{BD45423B-C8E1-4233-AE60-E3E53F9B2077}.Debug|Any CPU.ActiveCfg = Debug|Any CPU
		{BD45423B-C8E1-4233-AE60-E3E53F9B2077}.Debug|Any CPU.Build.0 = Debug|Any CPU
		{BD45423B-C8E1-4233-AE60-E3E53F9B2077}.Release|Any CPU.ActiveCfg = Release|Any CPU
		{BD45423B-C8E1-4233-AE60-E3E53F9B2077}.Release|Any CPU.Build.0 = Release|Any CPU
		{2D1ACCE6-EAB3-4B1A-9556-89215F6BA822}.Debug|Any CPU.ActiveCfg = Debug|Any CPU
		{2D1ACCE6-EAB3-4B1A-9556-89215F6BA822}.Debug|Any CPU.Build.0 = Debug|Any CPU
		{2D1ACCE6-EAB3-4B1A-9556-89215F6BA822}.Release|Any CPU.ActiveCfg = Release|Any CPU
		{2D1ACCE6-EAB3-4B1A-9556-89215F6BA822}.Release|Any CPU.Build.0 = Release|Any CPU
		{E6F0DBFD-4E35-4387-A249-0F6A5E79A9CE}.Debug|Any CPU.ActiveCfg = Debug|Any CPU
		{E6F0DBFD-4E35-4387-A249-0F6A5E79A9CE}.Debug|Any CPU.Build.0 = Debug|Any CPU
		{E6F0DBFD-4E35-4387-A249-0F6A5E79A9CE}.Release|Any CPU.ActiveCfg = Release|Any CPU
		{E6F0DBFD-4E35-4387-A249-0F6A5E79A9CE}.Release|Any CPU.Build.0 = Release|Any CPU
	EndGlobalSection
	GlobalSection(SolutionProperties) = preSolution
		HideSolutionNode = FALSE
	EndGlobalSection
	GlobalSection(ExtensibilityGlobals) = postSolution
		SolutionGuid = {FFC6DCEA-11BA-4B5C-B7FF-930035C894B2}
	EndGlobalSection
EndGlobal
